
Microsoft Visual Studio Solution File, Format Version 12.00
# Visual Studio Version 16
VisualStudioVersion = 16.0.30114.105
MinimumVisualStudioVersion = 10.0.40219.1
Project("{FAE04EC0-301F-11D3-BF4B-00C04F79EFBC}") = "Monad", "Monad\Monad.csproj", "{A3FAF995-AF5C-4FFB-9FDC-0F1B88E82376}"
EndProject
Project("{FAE04EC0-301F-11D3-BF4B-00C04F79EFBC}") = "Monad.Tests", "Monad.Tests\Monad.Tests.csproj", "{E7225044-A22D-4925-B7D2-9FD501FC44CF}"
EndProject
Project("{FAE04EC0-301F-11D3-BF4B-00C04F79EFBC}") = "Monoid", "Monoid\Monoid.csproj", "{D8257CB6-4CAB-44AE-A58D-28331BE3843F}"
EndProject
Project("{FAE04EC0-301F-11D3-BF4B-00C04F79EFBC}") = "Monoid.Tests", "Monoid.Tests\Monoid.Tests.csproj", "{931C58FD-EB3C-4631-A244-B70A933A4429}"
EndProject
Global
	GlobalSection(SolutionConfigurationPlatforms) = preSolution
		Debug|Any CPU = Debug|Any CPU
		Release|Any CPU = Release|Any CPU
	EndGlobalSection
	GlobalSection(SolutionProperties) = preSolution
		HideSolutionNode = FALSE
	EndGlobalSection
	GlobalSection(ProjectConfigurationPlatforms) = postSolution
		{A3FAF995-AF5C-4FFB-9FDC-0F1B88E82376}.Debug|Any CPU.ActiveCfg = Debug|Any CPU
		{A3FAF995-AF5C-4FFB-9FDC-0F1B88E82376}.Debug|Any CPU.Build.0 = Debug|Any CPU
		{A3FAF995-AF5C-4FFB-9FDC-0F1B88E82376}.Release|Any CPU.ActiveCfg = Release|Any CPU
		{A3FAF995-AF5C-4FFB-9FDC-0F1B88E82376}.Release|Any CPU.Build.0 = Release|Any CPU
		{E7225044-A22D-4925-B7D2-9FD501FC44CF}.Debug|Any CPU.ActiveCfg = Debug|Any CPU
		{E7225044-A22D-4925-B7D2-9FD501FC44CF}.Debug|Any CPU.Build.0 = Debug|Any CPU
		{E7225044-A22D-4925-B7D2-9FD501FC44CF}.Release|Any CPU.ActiveCfg = Release|Any CPU
		{E7225044-A22D-4925-B7D2-9FD501FC44CF}.Release|Any CPU.Build.0 = Release|Any CPU
		{D8257CB6-4CAB-44AE-A58D-28331BE3843F}.Debug|Any CPU.ActiveCfg = Debug|Any CPU
		{D8257CB6-4CAB-44AE-A58D-28331BE3843F}.Debug|Any CPU.Build.0 = Debug|Any CPU
		{D8257CB6-4CAB-44AE-A58D-28331BE3843F}.Release|Any CPU.ActiveCfg = Release|Any CPU
		{D8257CB6-4CAB-44AE-A58D-28331BE3843F}.Release|Any CPU.Build.0 = Release|Any CPU
		{931C58FD-EB3C-4631-A244-B70A933A4429}.Debug|Any CPU.ActiveCfg = Debug|Any CPU
		{931C58FD-EB3C-4631-A244-B70A933A4429}.Debug|Any CPU.Build.0 = Debug|Any CPU
		{931C58FD-EB3C-4631-A244-B70A933A4429}.Release|Any CPU.ActiveCfg = Release|Any CPU
		{931C58FD-EB3C-4631-A244-B70A933A4429}.Release|Any CPU.Build.0 = Release|Any CPU
	EndGlobalSection
EndGlobal
